
Microsoft Visual Studio Solution File, Format Version 12.00
# Visual Studio 15
VisualStudioVersion = 15.0.28307.852
MinimumVisualStudioVersion = 10.0.40219.1
Project("{FAE04EC0-301F-11D3-BF4B-00C04F79EFBC}") = "Homenet.ServiceHost", "Homenet.ServiceHost\Homenet.ServiceHost.csproj", "{158E31C0-1256-4961-AEEC-F1DA871BB9A2}"
EndProject
Project("{FAE04EC0-301F-11D3-BF4B-00C04F79EFBC}") = "Homenet.Contracts", "Homenet.Contracts\Homenet.Contracts.csproj", "{583DFC20-C4A3-413F-A638-A8D2AE349863}"
EndProject
Project("{FAE04EC0-301F-11D3-BF4B-00C04F79EFBC}") = "Homenet.Core", "Homenet.Core\Homenet.Core.csproj", "{1C1EC57B-D06F-4DA0-A471-2D6144CBF121}"
EndProject
Project("{2150E333-8FDC-42A3-9474-1A3956D46DE8}") = "ServiceHosts", "ServiceHosts", "{24B6C592-B88D-4C0E-A138-29CB34AFB9E2}"
EndProject
Project("{2150E333-8FDC-42A3-9474-1A3956D46DE8}") = "Domains", "Domains", "{CF5ACAAA-B12E-4CB9-AF02-05433DFB5A2D}"
EndProject
Project("{2150E333-8FDC-42A3-9474-1A3956D46DE8}") = "Utilities", "Utilities", "{54E022FC-77AE-4165-B2D9-CAC2ABE5AA24}"
EndProject
Project("{2150E333-8FDC-42A3-9474-1A3956D46DE8}") = "Common", "Common", "{C517D388-C11E-4B16-A7F0-83A04F857DE0}"
EndProject
Project("{FAE04EC0-301F-11D3-BF4B-00C04F79EFBC}") = "Homenet.Filesystem", "Homenet.Filesystem\Homenet.Filesystem.csproj", "{04CD0E99-A0B7-41C4-9F71-9FCDC7C7F993}"
EndProject
Project("{FAE04EC0-301F-11D3-BF4B-00C04F79EFBC}") = "Homenet.SQL", "Homenet.SQL\Homenet.SQL.csproj", "{893872DE-A6F3-48EA-9C2A-AB80EF83DF37}"
EndProject
Project("{2150E333-8FDC-42A3-9474-1A3956D46DE8}") = "Tests", "Tests", "{DA097775-19E8-48C3-89D2-C92BC3BEDAF1}"
EndProject
Project("{2150E333-8FDC-42A3-9474-1A3956D46DE8}") = "Common", "Common", "{86E7BF91-3AA1-4542-9602-FBA3CBFD2AAF}"
EndProject
Project("{2150E333-8FDC-42A3-9474-1A3956D46DE8}") = "Domains", "Domains", "{EC6C09C3-48B0-472F-BA82-AE73355B038E}"
EndProject
Project("{2150E333-8FDC-42A3-9474-1A3956D46DE8}") = "Utilities", "Utilities", "{CD8906FF-5F57-4B2E-8114-A49EDC400111}"
EndProject
Global
	GlobalSection(SolutionConfigurationPlatforms) = preSolution
		Debug|Any CPU = Debug|Any CPU
		Release|Any CPU = Release|Any CPU
	EndGlobalSection
	GlobalSection(ProjectConfigurationPlatforms) = postSolution
		{158E31C0-1256-4961-AEEC-F1DA871BB9A2}.Debug|Any CPU.ActiveCfg = Debug|Any CPU
		{158E31C0-1256-4961-AEEC-F1DA871BB9A2}.Debug|Any CPU.Build.0 = Debug|Any CPU
		{158E31C0-1256-4961-AEEC-F1DA871BB9A2}.Release|Any CPU.ActiveCfg = Release|Any CPU
		{158E31C0-1256-4961-AEEC-F1DA871BB9A2}.Release|Any CPU.Build.0 = Release|Any CPU
		{583DFC20-C4A3-413F-A638-A8D2AE349863}.Debug|Any CPU.ActiveCfg = Debug|Any CPU
		{583DFC20-C4A3-413F-A638-A8D2AE349863}.Debug|Any CPU.Build.0 = Debug|Any CPU
		{583DFC20-C4A3-413F-A638-A8D2AE349863}.Release|Any CPU.ActiveCfg = Release|Any CPU
		{583DFC20-C4A3-413F-A638-A8D2AE349863}.Release|Any CPU.Build.0 = Release|Any CPU
		{1C1EC57B-D06F-4DA0-A471-2D6144CBF121}.Debug|Any CPU.ActiveCfg = Debug|Any CPU
		{1C1EC57B-D06F-4DA0-A471-2D6144CBF121}.Debug|Any CPU.Build.0 = Debug|Any CPU
		{1C1EC57B-D06F-4DA0-A471-2D6144CBF121}.Release|Any CPU.ActiveCfg = Release|Any CPU
		{1C1EC57B-D06F-4DA0-A471-2D6144CBF121}.Release|Any CPU.Build.0 = Release|Any CPU
		{04CD0E99-A0B7-41C4-9F71-9FCDC7C7F993}.Debug|Any CPU.ActiveCfg = Debug|Any CPU
		{04CD0E99-A0B7-41C4-9F71-9FCDC7C7F993}.Debug|Any CPU.Build.0 = Debug|Any CPU
		{04CD0E99-A0B7-41C4-9F71-9FCDC7C7F993}.Release|Any CPU.ActiveCfg = Release|Any CPU
		{04CD0E99-A0B7-41C4-9F71-9FCDC7C7F993}.Release|Any CPU.Build.0 = Release|Any CPU
		{893872DE-A6F3-48EA-9C2A-AB80EF83DF37}.Debug|Any CPU.ActiveCfg = Debug|Any CPU
		{893872DE-A6F3-48EA-9C2A-AB80EF83DF37}.Debug|Any CPU.Build.0 = Debug|Any CPU
		{893872DE-A6F3-48EA-9C2A-AB80EF83DF37}.Release|Any CPU.ActiveCfg = Release|Any CPU
		{893872DE-A6F3-48EA-9C2A-AB80EF83DF37}.Release|Any CPU.Build.0 = Release|Any CPU
	EndGlobalSection
	GlobalSection(SolutionProperties) = preSolution
		HideSolutionNode = FALSE
	EndGlobalSection
	GlobalSection(NestedProjects) = preSolution
		{158E31C0-1256-4961-AEEC-F1DA871BB9A2} = {24B6C592-B88D-4C0E-A138-29CB34AFB9E2}
		{583DFC20-C4A3-413F-A638-A8D2AE349863} = {C517D388-C11E-4B16-A7F0-83A04F857DE0}
		{1C1EC57B-D06F-4DA0-A471-2D6144CBF121} = {CF5ACAAA-B12E-4CB9-AF02-05433DFB5A2D}
		{04CD0E99-A0B7-41C4-9F71-9FCDC7C7F993} = {54E022FC-77AE-4165-B2D9-CAC2ABE5AA24}
		{893872DE-A6F3-48EA-9C2A-AB80EF83DF37} = {54E022FC-77AE-4165-B2D9-CAC2ABE5AA24}
		{86E7BF91-3AA1-4542-9602-FBA3CBFD2AAF} = {DA097775-19E8-48C3-89D2-C92BC3BEDAF1}
		{EC6C09C3-48B0-472F-BA82-AE73355B038E} = {DA097775-19E8-48C3-89D2-C92BC3BEDAF1}
		{CD8906FF-5F57-4B2E-8114-A49EDC400111} = {DA097775-19E8-48C3-89D2-C92BC3BEDAF1}
	EndGlobalSection
	GlobalSection(ExtensibilityGlobals) = postSolution
		SolutionGuid = {1F39A8DC-8D7B-40CB-AEB5-AA1F6FDE9E9C}
	EndGlobalSection
EndGlobal
